{
    "_meta": {
        "hash": {
            "sha256": "f24cc6b9b22044e66bf20044da0ff6ac6915ae6680cfb3f00a95be41a36400e5"
        },
        "pipfile-spec": 6,
        "requires": {
            "python_version": "3.9"
        },
        "sources": [
            {
                "name": "pypi",
                "url": "https://pypi.org/simple",
                "verify_ssl": true
            }
        ]
    },
    "default": {
        "python-json-logger": {
            "hashes": [
                "sha256:3b03487b14eb9e4f77e4fc2a023358b5394b82fd89cecf5586259baed57d8c6f",
                "sha256:764d762175f99fcc4630bd4853b09632acb60a6224acb27ce08cd70f0b1b81bd"
            ],
            "index": "pypi",
            "version": "==2.0.4"
        }
    },
    "develop": {}
}
